
Microsoft Visual Studio Solution File, Format Version 12.00
# Visual Studio 2012
Project("{FAE04EC0-301F-11D3-BF4B-00C04F79EFBC}") = "Mitrabajo", "Mitrabajo\Mitrabajo.csproj", "{4BA08C71-4D98-40CF-9928-143C5DBEB108}"
EndProject
Global
	GlobalSection(SolutionConfigurationPlatforms) = preSolution
		Debug|Any CPU = Debug|Any CPU
		Release|Any CPU = Release|Any CPU
	EndGlobalSection
	GlobalSection(ProjectConfigurationPlatforms) = postSolution
		{4BA08C71-4D98-40CF-9928-143C5DBEB108}.Debug|Any CPU.ActiveCfg = Debug|Any CPU
		{4BA08C71-4D98-40CF-9928-143C5DBEB108}.Debug|Any CPU.Build.0 = Debug|Any CPU
		{4BA08C71-4D98-40CF-9928-143C5DBEB108}.Release|Any CPU.ActiveCfg = Release|Any CPU
		{4BA08C71-4D98-40CF-9928-143C5DBEB108}.Release|Any CPU.Build.0 = Release|Any CPU
	EndGlobalSection
	GlobalSection(SolutionProperties) = preSolution
		HideSolutionNode = FALSE
	EndGlobalSection
EndGlobal
